
Microsoft Visual Studio Solution File, Format Version 12.00
# Visual Studio Version 17
VisualStudioVersion = 17.9.34728.123
MinimumVisualStudioVersion = 10.0.40219.1
Project("{9A19103F-16F7-4668-BE54-9A1E7A4F7556}") = "SafeCityBackEnd", "SafeCityBackEnd.csproj", "{94311882-C1FD-4E96-8DE4-892996932833}"
EndProject
Project("{9A19103F-16F7-4668-BE54-9A1E7A4F7556}") = "BusinessObject", "..\BusinessObject\BusinessObject.csproj", "{5177F0AE-742F-46C1-A963-7A0EF88B1D13}"
EndProject
Project("{9A19103F-16F7-4668-BE54-9A1E7A4F7556}") = "DataAccessLayer", "..\DataAccessLayer\DataAccessLayer.csproj", "{43CCF1EC-BD97-47F9-BC06-986C20EB228F}"
EndProject
Project("{9A19103F-16F7-4668-BE54-9A1E7A4F7556}") = "Repository", "..\Repository\Repository.csproj", "{026C3598-5A8B-4571-AD51-0184CBC0C1F4}"
EndProject
Project("{9A19103F-16F7-4668-BE54-9A1E7A4F7556}") = "Service", "..\Service\Service.csproj", "{257B9B21-B4A6-47BE-8AF2-8E7D200FB4CF}"
EndProject
Project("{9A19103F-16F7-4668-BE54-9A1E7A4F7556}") = "AgoraIO", "..\AgoraIO\AgoraIO.csproj", "{E3C2F424-2CB8-4302-8923-8CF3AF6E4D95}"
EndProject
Global
	GlobalSection(SolutionConfigurationPlatforms) = preSolution
		Debug|Any CPU = Debug|Any CPU
		Release|Any CPU = Release|Any CPU
	EndGlobalSection
	GlobalSection(ProjectConfigurationPlatforms) = postSolution
		{94311882-C1FD-4E96-8DE4-892996932833}.Debug|Any CPU.ActiveCfg = Debug|Any CPU
		{94311882-C1FD-4E96-8DE4-892996932833}.Debug|Any CPU.Build.0 = Debug|Any CPU
		{94311882-C1FD-4E96-8DE4-892996932833}.Release|Any CPU.ActiveCfg = Release|Any CPU
		{94311882-C1FD-4E96-8DE4-892996932833}.Release|Any CPU.Build.0 = Release|Any CPU
		{5177F0AE-742F-46C1-A963-7A0EF88B1D13}.Debug|Any CPU.ActiveCfg = Debug|Any CPU
		{5177F0AE-742F-46C1-A963-7A0EF88B1D13}.Debug|Any CPU.Build.0 = Debug|Any CPU
		{5177F0AE-742F-46C1-A963-7A0EF88B1D13}.Release|Any CPU.ActiveCfg = Release|Any CPU
		{5177F0AE-742F-46C1-A963-7A0EF88B1D13}.Release|Any CPU.Build.0 = Release|Any CPU
		{43CCF1EC-BD97-47F9-BC06-986C20EB228F}.Debug|Any CPU.ActiveCfg = Debug|Any CPU
		{43CCF1EC-BD97-47F9-BC06-986C20EB228F}.Debug|Any CPU.Build.0 = Debug|Any CPU
		{43CCF1EC-BD97-47F9-BC06-986C20EB228F}.Release|Any CPU.ActiveCfg = Release|Any CPU
		{43CCF1EC-BD97-47F9-BC06-986C20EB228F}.Release|Any CPU.Build.0 = Release|Any CPU
		{026C3598-5A8B-4571-AD51-0184CBC0C1F4}.Debug|Any CPU.ActiveCfg = Debug|Any CPU
		{026C3598-5A8B-4571-AD51-0184CBC0C1F4}.Debug|Any CPU.Build.0 = Debug|Any CPU
		{026C3598-5A8B-4571-AD51-0184CBC0C1F4}.Release|Any CPU.ActiveCfg = Release|Any CPU
		{026C3598-5A8B-4571-AD51-0184CBC0C1F4}.Release|Any CPU.Build.0 = Release|Any CPU
		{257B9B21-B4A6-47BE-8AF2-8E7D200FB4CF}.Debug|Any CPU.ActiveCfg = Debug|Any CPU
		{257B9B21-B4A6-47BE-8AF2-8E7D200FB4CF}.Debug|Any CPU.Build.0 = Debug|Any CPU
		{257B9B21-B4A6-47BE-8AF2-8E7D200FB4CF}.Release|Any CPU.ActiveCfg = Release|Any CPU
		{257B9B21-B4A6-47BE-8AF2-8E7D200FB4CF}.Release|Any CPU.Build.0 = Release|Any CPU
		{E3C2F424-2CB8-4302-8923-8CF3AF6E4D95}.Debug|Any CPU.ActiveCfg = Debug|Any CPU
		{E3C2F424-2CB8-4302-8923-8CF3AF6E4D95}.Debug|Any CPU.Build.0 = Debug|Any CPU
		{E3C2F424-2CB8-4302-8923-8CF3AF6E4D95}.Release|Any CPU.ActiveCfg = Release|Any CPU
		{E3C2F424-2CB8-4302-8923-8CF3AF6E4D95}.Release|Any CPU.Build.0 = Release|Any CPU
	EndGlobalSection
	GlobalSection(SolutionProperties) = preSolution
		HideSolutionNode = FALSE
	EndGlobalSection
	GlobalSection(ExtensibilityGlobals) = postSolution
		SolutionGuid = {D9B1EDF6-6624-482E-AC1D-B0F6FD19EDA1}
	EndGlobalSection
EndGlobal
